# THIS IS AN AUTOGENERATED FILE. DO NOT EDIT THIS FILE DIRECTLY.
# yarn lockfile v1


"@types/node@^11.12.0":
  version "11.12.0"
  resolved "https://registry.yarnpkg.com/@types/node/-/node-11.12.0.tgz#ec5594728811dc2797e42396cfcdf786f2052c12"
  integrity sha512-Lg00egj78gM+4aE0Erw05cuDbvX9sLJbaaPwwRtdCdAMnIudqrQZ0oZX98Ek0yiSK/A2nubHgJfvII/rTT2Dwg==

"@types/vscode@^1.32.0":
  version "1.32.0"
  resolved "https://registry.yarnpkg.com/@types/vscode/-/vscode-1.32.0.tgz#e0a57de5fc8690a8a3a473996a6b6dfbccc28fbd"
  integrity sha512-fpHR6iE38V3+2ezMwopt726uRYKK9c89OQDO+t8VEUXNJCaYvnMFbHYgxXvQ/jOvP2ZanlL6r6joRZlsUowzoA==

graceful-fs@^4.1.15:
  version "4.2.3"
  resolved "https://registry.npm.taobao.org/graceful-fs/download/graceful-fs-4.2.3.tgz#4a12ff1b60376ef09862c2093edd908328be8423"
  integrity sha1-ShL/G2A3bvCYYsIJPt2Qgyi+hCM=

img-clipboard@^1.0.4:
  version "1.0.4"
  resolved "https://registry.npm.taobao.org/img-clipboard/download/img-clipboard-1.0.4.tgz#187c8fd072852a93157b6dbd6b623f49cf61f06e"
  integrity sha1-GHyP0HKFKpMVe229a2I/Sc9h8G4=
  dependencies:
    temp-write "^4.0.0"

is-stream@^2.0.0:
  version "2.0.0"
  resolved "https://registry.npm.taobao.org/is-stream/download/is-stream-2.0.0.tgz#bde9c32680d6fae04129d6ac9d921ce7815f78e3"
  integrity sha1-venDJoDW+uBBKdasnZIc54FfeOM=

make-dir@^3.0.0:
  version "3.0.2"
  resolved "https://registry.npm.taobao.org/make-dir/download/make-dir-3.0.2.tgz?cache=0&sync_timestamp=1581538411621&other_urls=https%3A%2F%2Fregistry.npm.taobao.org%2Fmake-dir%2Fdownload%2Fmake-dir-3.0.2.tgz#04a1acbf22221e1d6ef43559f43e05a90dbb4392"
  integrity sha1-BKGsvyIiHh1u9DVZ9D4FqQ27Q5I=
  dependencies:
    semver "^6.0.0"

semver@^6.0.0:
  version "6.3.0"
  resolved "https://registry.npm.taobao.org/semver/download/semver-6.3.0.tgz#ee0a64c8af5e8ceea67687b133761e1becbd1d3d"
  integrity sha1-7gpkyK9ejO6mdoexM3YeG+y9HT0=

temp-dir@^1.0.0:
  version "1.0.0"
  resolved "https://registry.npm.taobao.org/temp-dir/download/temp-dir-1.0.0.tgz#0a7c0ea26d3a39afa7e0ebea9c1fc0bc4daa011d"
  integrity sha1-CnwOom06Oa+n4OvqnB/AvE2qAR0=

temp-write@^4.0.0:
  version "4.0.0"
  resolved "https://registry.npm.taobao.org/temp-write/download/temp-write-4.0.0.tgz#cd2e0825fc826ae72d201dc26eef3bf7e6fc9320"
  integrity sha1-zS4IJfyCauctIB3Cbu879+b8kyA=
  dependencies:
    graceful-fs "^4.1.15"
    is-stream "^2.0.0"
    make-dir "^3.0.0"
    temp-dir "^1.0.0"
    uuid "^3.3.2"

uuid@^3.3.2:
  version "3.4.0"
  resolved "https://registry.npm.taobao.org/uuid/download/uuid-3.4.0.tgz?cache=0&sync_timestamp=1583326207173&other_urls=https%3A%2F%2Fregistry.npm.taobao.org%2Fuuid%2Fdownload%2Fuuid-3.4.0.tgz#b23e4358afa8a202fe7a100af1f5f883f02007ee"
  integrity sha1-sj5DWK+oogL+ehAK8fX4g/AgB+4=
